
Microsoft Visual Studio Solution File, Format Version 12.00
# Visual Studio Version 16
VisualStudioVersion = 16.0.30011.22
MinimumVisualStudioVersion = 10.0.40219.1
Project("{FAE04EC0-301F-11D3-BF4B-00C04F79EFBC}") = "DockersTraining_Compose_miguel_guerra", "DockersTraining_Compose_miguel_guerra.csproj", "{05B90D2E-9F28-4B10-A37A-20FDB6BA20E5}"
EndProject
Global
	GlobalSection(SolutionConfigurationPlatforms) = preSolution
		Debug|Any CPU = Debug|Any CPU
		Release|Any CPU = Release|Any CPU
	EndGlobalSection
	GlobalSection(ProjectConfigurationPlatforms) = postSolution
		{05B90D2E-9F28-4B10-A37A-20FDB6BA20E5}.Debug|Any CPU.ActiveCfg = Debug|Any CPU
		{05B90D2E-9F28-4B10-A37A-20FDB6BA20E5}.Debug|Any CPU.Build.0 = Debug|Any CPU
		{05B90D2E-9F28-4B10-A37A-20FDB6BA20E5}.Release|Any CPU.ActiveCfg = Release|Any CPU
		{05B90D2E-9F28-4B10-A37A-20FDB6BA20E5}.Release|Any CPU.Build.0 = Release|Any CPU
	EndGlobalSection
	GlobalSection(SolutionProperties) = preSolution
		HideSolutionNode = FALSE
	EndGlobalSection
	GlobalSection(ExtensibilityGlobals) = postSolution
		SolutionGuid = {D1D52A53-BB7F-43C8-91D3-9D716AD56796}
	EndGlobalSection
EndGlobal
